
Microsoft Visual Studio Solution File, Format Version 12.00
# Visual Studio Version 16
VisualStudioVersion = 16.0.28803.352
MinimumVisualStudioVersion = 10.0.40219.1
Project("{FAE04EC0-301F-11D3-BF4B-00C04F79EFBC}") = "App2", "App2\App2.csproj", "{E96CABDA-71BA-4D9B-AB6F-F878E8ADE8EC}"
EndProject
Project("{FAE04EC0-301F-11D3-BF4B-00C04F79EFBC}") = "PatternLockView.Droid", "PatternLockView.Droid\PatternLockView.Droid.csproj", "{C61886C8-36DE-4948-9575-6A3D9B8C689E}"
EndProject
Global
	GlobalSection(SolutionConfigurationPlatforms) = preSolution
		Debug|Any CPU = Debug|Any CPU
		Release|Any CPU = Release|Any CPU
	EndGlobalSection
	GlobalSection(ProjectConfigurationPlatforms) = postSolution
		{E96CABDA-71BA-4D9B-AB6F-F878E8ADE8EC}.Debug|Any CPU.ActiveCfg = Debug|Any CPU
		{E96CABDA-71BA-4D9B-AB6F-F878E8ADE8EC}.Debug|Any CPU.Build.0 = Debug|Any CPU
		{E96CABDA-71BA-4D9B-AB6F-F878E8ADE8EC}.Debug|Any CPU.Deploy.0 = Debug|Any CPU
		{E96CABDA-71BA-4D9B-AB6F-F878E8ADE8EC}.Release|Any CPU.ActiveCfg = Release|Any CPU
		{E96CABDA-71BA-4D9B-AB6F-F878E8ADE8EC}.Release|Any CPU.Build.0 = Release|Any CPU
		{E96CABDA-71BA-4D9B-AB6F-F878E8ADE8EC}.Release|Any CPU.Deploy.0 = Release|Any CPU
		{C61886C8-36DE-4948-9575-6A3D9B8C689E}.Debug|Any CPU.ActiveCfg = Debug|Any CPU
		{C61886C8-36DE-4948-9575-6A3D9B8C689E}.Debug|Any CPU.Build.0 = Debug|Any CPU
		{C61886C8-36DE-4948-9575-6A3D9B8C689E}.Release|Any CPU.ActiveCfg = Release|Any CPU
		{C61886C8-36DE-4948-9575-6A3D9B8C689E}.Release|Any CPU.Build.0 = Release|Any CPU
	EndGlobalSection
	GlobalSection(SolutionProperties) = preSolution
		HideSolutionNode = FALSE
	EndGlobalSection
	GlobalSection(ExtensibilityGlobals) = postSolution
		SolutionGuid = {242BA6AD-9AF1-4274-937A-B34329641698}
	EndGlobalSection
EndGlobal
